{
  "name": "@ts-common/unknown",
  "version": "0.0.0",
  "lockfileVersion": 1,
  "requires": true,
  "dependencies": {
    "@ts-common/iterator": {
      "version": "0.0.21",
      "resolved": "https://registry.npmjs.org/@ts-common/iterator/-/iterator-0.0.21.tgz",
      "integrity": "sha512-LOce0YxEeZ+SM9178bDrTzD4ZDmQKkNTlCEAIuUiX9t080WsGW4X8aPAAWmN//WBkr35rBq9ni+FExRY8PKimA=="
    },
    "@ts-common/string-map": {
      "version": "0.0.3",
      "resolved": "https://registry.npmjs.org/@ts-common/string-map/-/string-map-0.0.3.tgz",
      "integrity": "sha512-EcqcfxaHKfteC1FPgWolank5SmDGjIVXyx7u7UU1vpteDJJQNe29gyXIAqPecsrq0TXyytkS6e4dV0+nMpAH4Q==",
      "requires": {
        "@ts-common/iterator": "0.0.21"
      }
    },
    "typescript": {
      "version": "2.9.1",
      "resolved": "https://registry.npmjs.org/typescript/-/typescript-2.9.1.tgz",
      "integrity": "sha512-h6pM2f/GDchCFlldnriOhs1QHuwbnmj6/v7499eMHqPeW4V2G0elua2eIc2nu8v2NdHV0Gm+tzX83Hr6nUFjQA==",
      "dev": true
    }
  }
}
